// !$*UTF8*$!
{
	archiveVersion = 1;
	classes = {
	};
	objectVersion = 77;
	objects = {

/* Begin PBXBuildFile section */
		A7AF6E852ED78CA5003F765E /* VLCKitSPM in Frameworks */ = {isa = PBXBuildFile; productRef = A7AF6E842ED78CA5003F765E /* VLCKitSPM */; };
/* End PBXBuildFile section */

/* Begin PBXContainerItemProxy section */
		A7CE4EBC2ED75414001092B5 /* PBXContainerItemProxy */ = {
			isa = PBXContainerItemProxy;
			containerPortal = A7CE4EA62ED75413001092B5 /* Project object */;
			proxyType = 1;
			remoteGlobalIDString = A7CE4EAD2ED75413001092B5;
			remoteInfo = Wave;
		};
		A7CE4EC62ED75414001092B5 /* PBXContainerItemProxy */ = {
			isa = PBXContainerItemProxy;
			containerPortal = A7CE4EA62ED75413001092B5 /* Project object */;
			proxyType = 1;
			remoteGlobalIDString = A7CE4EAD2ED75413001092B5;
			remoteInfo = Wave;
		};
/* End PBXContainerItemProxy section */

/* Begin PBXFileReference section */
		A7CE4EAE2ED75413001092B5 /* Wave.app */ = {isa = PBXFileReference; explicitFileType = wrapper.application; includeInIndex = 0; path = Wave.app; sourceTree = BUILT_PRODUCTS_DIR; };
		A7CE4EBB2ED75414001092B5 /* WaveTests.xctest */ = {isa = PBXFileReference; explicitFileType = wrapper.cfbundle; includeInIndex = 0; path = WaveTests.xctest; sourceTree = BUILT_PRODUCTS_DIR; };
		A7CE4EC52ED75414001092B5 /* WaveUITests.xctest */ = {isa = PBXFileReference; explicitFileType = wrapper.cfbundle; includeInIndex = 0; path = WaveUITests.xctest; sourceTree = BUILT_PRODUCTS_DIR; };
/* End PBXFileReference section */

/* Begin PBXFileSystemSynchronizedRootGroup section */
		A7CE4EB02ED75413001092B5 /* Wave */ = {
			isa = PBXFileSystemSynchronizedRootGroup;
			path = Wave;
			sourceTree = "<group>";
		};
		A7CE4EBE2ED75414001092B5 /* WaveTests */ = {
			isa = PBXFileSystemSynchronizedRootGroup;
			path = WaveTests;
			sourceTree = "<group>";
		};
		A7CE4EC82ED75414001092B5 /* WaveUITests */ = {
			isa = PBXFileSystemSynchronizedRootGroup;
			path = WaveUITests;
			sourceTree = "<group>";
		};
/* End PBXFileSystemSynchronizedRootGroup section */

/* Begin PBXFrameworksBuildPhase section */
		A7CE4EAB2ED75413001092B5 /* Frameworks */ = {
			isa = PBXFrameworksBuildPhase;
			buildActionMask = 2147483647;
			files = (
				A7AF6E852ED78CA5003F765E /* VLCKitSPM in Frameworks */,
			);
			runOnlyForDeploymentPostprocessing = 0;
		};
		A7CE4EB82ED75414001092B5 /* Frameworks */ = {
			isa = PBXFrameworksBuildPhase;
			buildActionMask = 2147483647;
			files = (
			);
			runOnlyForDeploymentPostprocessing = 0;
		};
		A7CE4EC22ED75414001092B5 /* Frameworks */ = {
			isa = PBXFrameworksBuildPhase;
			buildActionMask = 2147483647;
			files = (
			);
			runOnlyForDeploymentPostprocessing = 0;
		};
/* End PBXFrameworksBuildPhase section */

/* Begin PBXGroup section */
		A7CE4EA52ED75413001092B5 = {
			isa = PBXGroup;
			children = (
				A7CE4EB02ED75413001092B5 /* Wave */,
				A7CE4EBE2ED75414001092B5 /* WaveTests */,
				A7CE4EC82ED75414001092B5 /* WaveUITests */,
				A7CE4EAF2ED75413001092B5 /* Products */,
			);
			sourceTree = "<group>";
		};
		A7CE4EAF2ED75413001092B5 /* Products */ = {
			isa = PBXGroup;
			children = (
				A7CE4EAE2ED75413001092B5 /* Wave.app */,
				A7CE4EBB2ED75414001092B5 /* WaveTests.xctest */,
				A7CE4EC52ED75414001092B5 /* WaveUITests.xctest */,
			);
			name = Products;
			sourceTree = "<group>";
		};
/* End PBXGroup section */

/* Begin PBXNativeTarget section */
		A7CE4EAD2ED75413001092B5 /* Wave */ = {
			isa = PBXNativeTarget;
			buildConfigurationList = A7CE4ECF2ED75414001092B5 /* Build configuration list for PBXNativeTarget "Wave" */;
			buildPhases = (
				A7CE4EAA2ED75413001092B5 /* Sources */,
				A7CE4EAB2ED75413001092B5 /* Frameworks */,
				A7CE4EAC2ED75413001092B5 /* Resources */,
			);
			buildRules = (
			);
			dependencies = (
			);
			fileSystemSynchronizedGroups = (
				A7CE4EB02ED75413001092B5 /* Wave */,
			);
			name = Wave;
			packageProductDependencies = (
				A7AF6E842ED78CA5003F765E /* VLCKitSPM */,
			);
			productName = Wave;
			productReference = A7CE4EAE2ED75413001092B5 /* Wave.app */;
			productType = "com.apple.product-type.application";
		};
		A7CE4EBA2ED75414001092B5 /* WaveTests */ = {
			isa = PBXNativeTarget;
			buildConfigurationList = A7CE4ED22ED75414001092B5 /* Build configuration list for PBXNativeTarget "WaveTests" */;
			buildPhases = (
				A7CE4EB72ED75414001092B5 /* Sources */,
				A7CE4EB82ED75414001092B5 /* Frameworks */,
				A7CE4EB92ED75414001092B5 /* Resources */,
			);
			buildRules = (
			);
			dependencies = (
				A7CE4EBD2ED75414001092B5 /* PBXTargetDependency */,
			);
			fileSystemSynchronizedGroups = (
				A7CE4EBE2ED75414001092B5 /* WaveTests */,
			);
			name = WaveTests;
			packageProductDependencies = (
			);
			productName = WaveTests;
			productReference = A7CE4EBB2ED75414001092B5 /* WaveTests.xctest */;
			productType = "com.apple.product-type.bundle.unit-test";
		};
		A7CE4EC42ED75414001092B5 /* WaveUITests */ = {
			isa = PBXNativeTarget;
			buildConfigurationList = A7CE4ED52ED75414001092B5 /* Build configuration list for PBXNativeTarget "WaveUITests" */;
			buildPhases = (
				A7CE4EC12ED75414001092B5 /* Sources */,
				A7CE4EC22ED75414001092B5 /* Frameworks */,
				A7CE4EC32ED75414001092B5 /* Resources */,
			);
			buildRules = (
			);
			dependencies = (
				A7CE4EC72ED75414001092B5 /* PBXTargetDependency */,
			);
			fileSystemSynchronizedGroups = (
				A7CE4EC82ED75414001092B5 /* WaveUITests */,
			);
			name = WaveUITests;
			packageProductDependencies = (
			);
			productName = WaveUITests;
			productReference = A7CE4EC52ED75414001092B5 /* WaveUITests.xctest */;
			productType = "com.apple.product-type.bundle.ui-testing";
		};
/* End PBXNativeTarget section */

/* Begin PBXProject section */
		A7CE4EA62ED75413001092B5 /* Project object */ = {
			isa = PBXProject;
			attributes = {
				BuildIndependentTargetsInParallel = 1;
				LastSwiftUpdateCheck = 2610;
				LastUpgradeCheck = 2610;
				TargetAttributes = {
					A7CE4EAD2ED75413001092B5 = {
						CreatedOnToolsVersion = 26.1.1;
					};
					A7CE4EBA2ED75414001092B5 = {
						CreatedOnToolsVersion = 26.1.1;
						TestTargetID = A7CE4EAD2ED75413001092B5;
					};
					A7CE4EC42ED75414001092B5 = {
						CreatedOnToolsVersion = 26.1.1;
						TestTargetID = A7CE4EAD2ED75413001092B5;
					};
				};
			};
			buildConfigurationList = A7CE4EA92ED75413001092B5 /* Build configuration list for PBXProject "Wave" */;
			developmentRegion = en;
			hasScannedForEncodings = 0;
			knownRegions = (
				en,
				Base,
				"zh-Hans",
			);
			mainGroup = A7CE4EA52ED75413001092B5;
			minimizedProjectReferenceProxies = 1;
			packageReferences = (
				A7AF6E832ED78CA5003F765E /* XCRemoteSwiftPackageReference "vlckit-spm" */,
			);
			preferredProjectObjectVersion = 77;
			productRefGroup = A7CE4EAF2ED75413001092B5 /* Products */;
			projectDirPath = "";
			projectRoot = "";
			targets = (
				A7CE4EAD2ED75413001092B5 /* Wave */,
				A7CE4EBA2ED75414001092B5 /* WaveTests */,
				A7CE4EC42ED75414001092B5 /* WaveUITests */,
			);
		};
/* End PBXProject section */

/* Begin PBXResourcesBuildPhase section */
		A7CE4EAC2ED75413001092B5 /* Resources */ = {
			isa = PBXResourcesBuildPhase;
			buildActionMask = 2147483647;
			files = (
			);
			runOnlyForDeploymentPostprocessing = 0;
		};
		A7CE4EB92ED75414001092B5 /* Resources */ = {
			isa = PBXResourcesBuildPhase;
			buildActionMask = 2147483647;
			files = (
			);
			runOnlyForDeploymentPostprocessing = 0;
		};
		A7CE4EC32ED75414001092B5 /* Resources */ = {
			isa = PBXResourcesBuildPhase;
			buildActionMask = 2147483647;
			files = (
			);
			runOnlyForDeploymentPostprocessing = 0;
		};
/* End PBXResourcesBuildPhase section */

/* Begin PBXSourcesBuildPhase section */
		A7CE4EAA2ED75413001092B5 /* Sources */ = {
			isa = PBXSourcesBuildPhase;
			buildActionMask = 2147483647;
			files = (
			);
			runOnlyForDeploymentPostprocessing = 0;
		};
		A7CE4EB72ED75414001092B5 /* Sources */ = {
			isa = PBXSourcesBuildPhase;
			buildActionMask = 2147483647;
			files = (
			);
			runOnlyForDeploymentPostprocessing = 0;
		};
		A7CE4EC12ED75414001092B5 /* Sources */ = {
			isa = PBXSourcesBuildPhase;
			buildActionMask = 2147483647;
			files = (
			);
			runOnlyForDeploymentPostprocessing = 0;
		};
/* End PBXSourcesBuildPhase section */

/* Begin PBXTargetDependency section */
		A7CE4EBD2ED75414001092B5 /* PBXTargetDependency */ = {
			isa = PBXTargetDependency;
			target = A7CE4EAD2ED75413001092B5 /* Wave */;
			targetProxy = A7CE4EBC2ED75414001092B5 /* PBXContainerItemProxy */;
		};
		A7CE4EC72ED75414001092B5 /* PBXTargetDependency */ = {
			isa = PBXTargetDependency;
			target = A7CE4EAD2ED75413001092B5 /* Wave */;
			targetProxy = A7CE4EC62ED75414001092B5 /* PBXContainerItemProxy */;
		};
/* End PBXTargetDependency section */

/* Begin XCBuildConfiguration section */
		A7CE4ECD2ED75414001092B5 /* Debug */ = {
			isa = XCBuildConfiguration;
			buildSettings = {
				ALWAYS_SEARCH_USER_PATHS = NO;
				ASSETCATALOG_COMPILER_GENERATE_SWIFT_ASSET_SYMBOL_EXTENSIONS = YES;
				CLANG_ANALYZER_NONNULL = YES;
				CLANG_ANALYZER_NUMBER_OBJECT_CONVERSION = YES_AGGRESSIVE;
				CLANG_CXX_LANGUAGE_STANDARD = "gnu++20";
				CLANG_ENABLE_MODULES = YES;
				CLANG_ENABLE_OBJC_ARC = YES;
				CLANG_ENABLE_OBJC_WEAK = YES;
				CLANG_WARN_BLOCK_CAPTURE_AUTORELEASING = YES;
				CLANG_WARN_BOOL_CONVERSION = YES;
				CLANG_WARN_COMMA = YES;
				CLANG_WARN_CONSTANT_CONVERSION = YES;
				CLANG_WARN_DEPRECATED_OBJC_IMPLEMENTATIONS = YES;
				CLANG_WARN_DIRECT_OBJC_ISA_USAGE = YES_ERROR;
				CLANG_WARN_DOCUMENTATION_COMMENTS = YES;
				CLANG_WARN_EMPTY_BODY = YES;
				CLANG_WARN_ENUM_CONVERSION = YES;
				CLANG_WARN_INFINITE_RECURSION = YES;
				CLANG_WARN_INT_CONVERSION = YES;
				CLANG_WARN_NON_LITERAL_NULL_CONVERSION = YES;
				CLANG_WARN_OBJC_IMPLICIT_RETAIN_SELF = YES;
				CLANG_WARN_OBJC_LITERAL_CONVERSION = YES;
				CLANG_WARN_OBJC_ROOT_CLASS = YES_ERROR;
				CLANG_WARN_QUOTED_INCLUDE_IN_FRAMEWORK_HEADER = YES;
				CLANG_WARN_RANGE_LOOP_ANALYSIS = YES;
				CLANG_WARN_STRICT_PROTOTYPES = YES;
				CLANG_WARN_SUSPICIOUS_MOVE = YES;
				CLANG_WARN_UNGUARDED_AVAILABILITY = YES_AGGRESSIVE;
				CLANG_WARN_UNREACHABLE_CODE = YES;
				CLANG_WARN__DUPLICATE_METHOD_MATCH = YES;
				COPY_PHASE_STRIP = NO;
				DEBUG_INFORMATION_FORMAT = dwarf;
				ENABLE_STRICT_OBJC_MSGSEND = YES;
				ENABLE_TESTABILITY = YES;
				ENABLE_USER_SCRIPT_SANDBOXING = YES;
				GCC_C_LANGUAGE_STANDARD = gnu17;
				GCC_DYNAMIC_NO_PIC = NO;
				GCC_NO_COMMON_BLOCKS = YES;
				GCC_OPTIMIZATION_LEVEL = 0;
				GCC_PREPROCESSOR_DEFINITIONS = (
					"DEBUG=1",
					"$(inherited)",
				);
				GCC_WARN_64_TO_32_BIT_CONVERSION = YES;
				GCC_WARN_ABOUT_RETURN_TYPE = YES_ERROR;
				GCC_WARN_UNDECLARED_SELECTOR = YES;
				GCC_WARN_UNINITIALIZED_AUTOS = YES_AGGRESSIVE;
				GCC_WARN_UNUSED_FUNCTION = YES;
				GCC_WARN_UNUSED_VARIABLE = YES;
				LOCALIZATION_PREFERS_STRING_CATALOGS = YES;
				MACOSX_DEPLOYMENT_TARGET = 26.0;
				MTL_ENABLE_DEBUG_INFO = INCLUDE_SOURCE;
				MTL_FAST_MATH = YES;
				ONLY_ACTIVE_ARCH = YES;
				SDKROOT = macosx;
				SWIFT_ACTIVE_COMPILATION_CONDITIONS = "DEBUG $(inherited)";
				SWIFT_OPTIMIZATION_LEVEL = "-Onone";
			};
			name = Debug;
		};
		A7CE4ECE2ED75414001092B5 /* Release */ = {
			isa = XCBuildConfiguration;
			buildSettings = {
				ALWAYS_SEARCH_USER_PATHS = NO;
				ASSETCATALOG_COMPILER_GENERATE_SWIFT_ASSET_SYMBOL_EXTENSIONS = YES;
				CLANG_ANALYZER_NONNULL = YES;
				CLANG_ANALYZER_NUMBER_OBJECT_CONVERSION = YES_AGGRESSIVE;
				CLANG_CXX_LANGUAGE_STANDARD = "gnu++20";
				CLANG_ENABLE_MODULES = YES;
				CLANG_ENABLE_OBJC_ARC = YES;
				CLANG_ENABLE_OBJC_WEAK = YES;
				CLANG_WARN_BLOCK_CAPTURE_AUTORELEASING = YES;
				CLANG_WARN_BOOL_CONVERSION = YES;
				CLANG_WARN_COMMA = YES;
				CLANG_WARN_CONSTANT_CONVERSION = YES;
				CLANG_WARN_DEPRECATED_OBJC_IMPLEMENTATIONS = YES;
				CLANG_WARN_DIRECT_OBJC_ISA_USAGE = YES_ERROR;
				CLANG_WARN_DOCUMENTATION_COMMENTS = YES;
				CLANG_WARN_EMPTY_BODY = YES;
				CLANG_WARN_ENUM_CONVERSION = YES;
				CLANG_WARN_INFINITE_RECURSION = YES;
				CLANG_WARN_INT_CONVERSION = YES;
				CLANG_WARN_NON_LITERAL_NULL_CONVERSION = YES;
				CLANG_WARN_OBJC_IMPLICIT_RETAIN_SELF = YES;
				CLANG_WARN_OBJC_LITERAL_CONVERSION = YES;
				CLANG_WARN_OBJC_ROOT_CLASS = YES_ERROR;
				CLANG_WARN_QUOTED_INCLUDE_IN_FRAMEWORK_HEADER = YES;
				CLANG_WARN_RANGE_LOOP_ANALYSIS = YES;
				CLANG_WARN_STRICT_PROTOTYPES = YES;
				CLANG_WARN_SUSPICIOUS_MOVE = YES;
				CLANG_WARN_UNGUARDED_AVAILABILITY = YES_AGGRESSIVE;
				CLANG_WARN_UNREACHABLE_CODE = YES;
				CLANG_WARN__DUPLICATE_METHOD_MATCH = YES;
				COPY_PHASE_STRIP = NO;
				DEBUG_INFORMATION_FORMAT = "dwarf-with-dsym";
				ENABLE_NS_ASSERTIONS = NO;
				ENABLE_STRICT_OBJC_MSGSEND = YES;
				ENABLE_USER_SCRIPT_SANDBOXING = YES;
				GCC_C_LANGUAGE_STANDARD = gnu17;
				GCC_NO_COMMON_BLOCKS = YES;
				GCC_WARN_64_TO_32_BIT_CONVERSION = YES;
				GCC_WARN_ABOUT_RETURN_TYPE = YES_ERROR;
				GCC_WARN_UNDECLARED_SELECTOR = YES;
				GCC_WARN_UNINITIALIZED_AUTOS = YES_AGGRESSIVE;
				GCC_WARN_UNUSED_FUNCTION = YES;
				GCC_WARN_UNUSED_VARIABLE = YES;
				LOCALIZATION_PREFERS_STRING_CATALOGS = YES;
				MACOSX_DEPLOYMENT_TARGET = 26.0;
				MTL_ENABLE_DEBUG_INFO = NO;
				MTL_FAST_MATH = YES;
				SDKROOT = macosx;
				SWIFT_COMPILATION_MODE = wholemodule;
			};
			name = Release;
		};
		A7CE4ED02ED75414001092B5 /* Debug */ = {
			isa = XCBuildConfiguration;
			buildSettings = {
				ASSETCATALOG_COMPILER_APPICON_NAME = AppIcon;
				ASSETCATALOG_COMPILER_GLOBAL_ACCENT_COLOR_NAME = AccentColor;
				CODE_SIGN_STYLE = Automatic;
				COMBINE_HIDPI_IMAGES = YES;
				CURRENT_PROJECT_VERSION = 1;
				DEVELOPMENT_ASSET_PATHS = "";
				ENABLE_APP_SANDBOX = NO;
				ENABLE_PREVIEWS = YES;
				GENERATE_INFOPLIST_FILE = YES;
				INFOPLIST_KEY_CFBundleDisplayName = Wave;
				INFOPLIST_KEY_NSHumanReadableCopyright = "";
				LD_RUNPATH_SEARCH_PATHS = (
					"$(inherited)",
					"@executable_path/../Frameworks",
				);
				MARKETING_VERSION = 1.0;
				PRODUCT_BUNDLE_IDENTIFIER = wave.Wave;
				PRODUCT_NAME = "$(TARGET_NAME)";
				REGISTER_APP_GROUPS = YES;
				STRING_CATALOG_GENERATE_SYMBOLS = YES;
				SWIFT_APPROACHABLE_CONCURRENCY = YES;
				SWIFT_DEFAULT_ACTOR_ISOLATION = MainActor;
				SWIFT_EMIT_LOC_STRINGS = YES;
				SWIFT_UPCOMING_FEATURE_MEMBER_IMPORT_VISIBILITY = YES;
				SWIFT_VERSION = 5.0;
			};
			name = Debug;
		};
		A7CE4ED12ED75414001092B5 /* Release */ = {
			isa = XCBuildConfiguration;
			buildSettings = {
				ASSETCATALOG_COMPILER_APPICON_NAME = AppIcon;
				ASSETCATALOG_COMPILER_GLOBAL_ACCENT_COLOR_NAME = AccentColor;
				CODE_SIGN_STYLE = Automatic;
				COMBINE_HIDPI_IMAGES = YES;
				CURRENT_PROJECT_VERSION = 1;
				DEVELOPMENT_ASSET_PATHS = "";
				ENABLE_APP_SANDBOX = NO;
				ENABLE_PREVIEWS = YES;
				GENERATE_INFOPLIST_FILE = YES;
				INFOPLIST_KEY_CFBundleDisplayName = Wave;
				INFOPLIST_KEY_NSHumanReadableCopyright = "";
				LD_RUNPATH_SEARCH_PATHS = (
					"$(inherited)",
					"@executable_path/../Frameworks",
				);
				MARKETING_VERSION = 1.0;
				PRODUCT_BUNDLE_IDENTIFIER = wave.Wave;
				PRODUCT_NAME = "$(TARGET_NAME)";
				REGISTER_APP_GROUPS = YES;
				STRING_CATALOG_GENERATE_SYMBOLS = YES;
				SWIFT_APPROACHABLE_CONCURRENCY = YES;
				SWIFT_DEFAULT_ACTOR_ISOLATION = MainActor;
				SWIFT_EMIT_LOC_STRINGS = YES;
				SWIFT_UPCOMING_FEATURE_MEMBER_IMPORT_VISIBILITY = YES;
				SWIFT_VERSION = 5.0;
			};
			name = Release;
		};
		A7CE4ED32ED75414001092B5 /* Debug */ = {
			isa = XCBuildConfiguration;
			buildSettings = {
				BUNDLE_LOADER = "$(TEST_HOST)";
				CODE_SIGN_STYLE = Automatic;
				CURRENT_PROJECT_VERSION = 1;
				GENERATE_INFOPLIST_FILE = YES;
				MACOSX_DEPLOYMENT_TARGET = 26.0;
				MARKETING_VERSION = 1.0;
				PRODUCT_BUNDLE_IDENTIFIER = wave.WaveTests;
				PRODUCT_NAME = "$(TARGET_NAME)";
				STRING_CATALOG_GENERATE_SYMBOLS = NO;
				SWIFT_APPROACHABLE_CONCURRENCY = YES;
				SWIFT_EMIT_LOC_STRINGS = NO;
				SWIFT_UPCOMING_FEATURE_MEMBER_IMPORT_VISIBILITY = YES;
				SWIFT_VERSION = 5.0;
				TEST_HOST = "$(BUILT_PRODUCTS_DIR)/Wave.app/$(BUNDLE_EXECUTABLE_FOLDER_PATH)/Wave";
			};
			name = Debug;
		};
		A7CE4ED42ED75414001092B5 /* Release */ = {
			isa = XCBuildConfiguration;
			buildSettings = {
				BUNDLE_LOADER = "$(TEST_HOST)";
				CODE_SIGN_STYLE = Automatic;
				CURRENT_PROJECT_VERSION = 1;
				GENERATE_INFOPLIST_FILE = YES;
				MACOSX_DEPLOYMENT_TARGET = 26.0;
				MARKETING_VERSION = 1.0;
				PRODUCT_BUNDLE_IDENTIFIER = wave.WaveTests;
				PRODUCT_NAME = "$(TARGET_NAME)";
				STRING_CATALOG_GENERATE_SYMBOLS = NO;
				SWIFT_APPROACHABLE_CONCURRENCY = YES;
				SWIFT_EMIT_LOC_STRINGS = NO;
				SWIFT_UPCOMING_FEATURE_MEMBER_IMPORT_VISIBILITY = YES;
				SWIFT_VERSION = 5.0;
				TEST_HOST = "$(BUILT_PRODUCTS_DIR)/Wave.app/$(BUNDLE_EXECUTABLE_FOLDER_PATH)/Wave";
			};
			name = Release;
		};
		A7CE4ED62ED75414001092B5 /* Debug */ = {
			isa = XCBuildConfiguration;
			buildSettings = {
				CODE_SIGN_STYLE = Automatic;
				CURRENT_PROJECT_VERSION = 1;
				GENERATE_INFOPLIST_FILE = YES;
				MARKETING_VERSION = 1.0;
				PRODUCT_BUNDLE_IDENTIFIER = wave.WaveUITests;
				PRODUCT_NAME = "$(TARGET_NAME)";
				STRING_CATALOG_GENERATE_SYMBOLS = NO;
				SWIFT_APPROACHABLE_CONCURRENCY = YES;
				SWIFT_EMIT_LOC_STRINGS = NO;
				SWIFT_UPCOMING_FEATURE_MEMBER_IMPORT_VISIBILITY = YES;
				SWIFT_VERSION = 5.0;
				TEST_TARGET_NAME = Wave;
			};
			name = Debug;
		};
		A7CE4ED72ED75414001092B5 /* Release */ = {
			isa = XCBuildConfiguration;
			buildSettings = {
				CODE_SIGN_STYLE = Automatic;
				CURRENT_PROJECT_VERSION = 1;
				GENERATE_INFOPLIST_FILE = YES;
				MARKETING_VERSION = 1.0;
				PRODUCT_BUNDLE_IDENTIFIER = wave.WaveUITests;
				PRODUCT_NAME = "$(TARGET_NAME)";
				STRING_CATALOG_GENERATE_SYMBOLS = NO;
				SWIFT_APPROACHABLE_CONCURRENCY = YES;
				SWIFT_EMIT_LOC_STRINGS = NO;
				SWIFT_UPCOMING_FEATURE_MEMBER_IMPORT_VISIBILITY = YES;
				SWIFT_VERSION = 5.0;
				TEST_TARGET_NAME = Wave;
			};
			name = Release;
		};
/* End XCBuildConfiguration section */

/* Begin XCConfigurationList section */
		A7CE4EA92ED75413001092B5 /* Build configuration list for PBXProject "Wave" */ = {
			isa = XCConfigurationList;
			buildConfigurations = (
				A7CE4ECD2ED75414001092B5 /* Debug */,
				A7CE4ECE2ED75414001092B5 /* Release */,
			);
			defaultConfigurationIsVisible = 0;
			defaultConfigurationName = Release;
		};
		A7CE4ECF2ED75414001092B5 /* Build configuration list for PBXNativeTarget "Wave" */ = {
			isa = XCConfigurationList;
			buildConfigurations = (
				A7CE4ED02ED75414001092B5 /* Debug */,
				A7CE4ED12ED75414001092B5 /* Release */,
			);
			defaultConfigurationIsVisible = 0;
			defaultConfigurationName = Release;
		};
		A7CE4ED22ED75414001092B5 /* Build configuration list for PBXNativeTarget "WaveTests" */ = {
			isa = XCConfigurationList;
			buildConfigurations = (
				A7CE4ED32ED75414001092B5 /* Debug */,
				A7CE4ED42ED75414001092B5 /* Release */,
			);
			defaultConfigurationIsVisible = 0;
			defaultConfigurationName = Release;
		};
		A7CE4ED52ED75414001092B5 /* Build configuration list for PBXNativeTarget "WaveUITests" */ = {
			isa = XCConfigurationList;
			buildConfigurations = (
				A7CE4ED62ED75414001092B5 /* Debug */,
				A7CE4ED72ED75414001092B5 /* Release */,
			);
			defaultConfigurationIsVisible = 0;
			defaultConfigurationName = Release;
		};
/* End XCConfigurationList section */

/* Begin XCRemoteSwiftPackageReference section */
		A7AF6E832ED78CA5003F765E /* XCRemoteSwiftPackageReference "vlckit-spm" */ = {
			isa = XCRemoteSwiftPackageReference;
			repositoryURL = "https://github.com/tylerjonesio/vlckit-spm";
			requirement = {
				kind = upToNextMajorVersion;
				minimumVersion = 3.6.0;
			};
		};
/* End XCRemoteSwiftPackageReference section */

/* Begin XCSwiftPackageProductDependency section */
		A7AF6E842ED78CA5003F765E /* VLCKitSPM */ = {
			isa = XCSwiftPackageProductDependency;
			package = A7AF6E832ED78CA5003F765E /* XCRemoteSwiftPackageReference "vlckit-spm" */;
			productName = VLCKitSPM;
		};
/* End XCSwiftPackageProductDependency section */
	};
	rootObject = A7CE4EA62ED75413001092B5 /* Project object */;
}
